// !$*UTF8*$!
{
	archiveVersion = 1;
	classes = {
	};
	objectVersion = 77;
	objects = {

/* Begin PBXContainerItemProxy section */
		E2A0DB4F2E7BF0C6005C3ED5 /* PBXContainerItemProxy */ = {
			isa = PBXContainerItemProxy;
			containerPortal = E2A0DB2B2E7BF0C5005C3ED5 /* Project object */;
			proxyType = 1;
			remoteGlobalIDString = E2A0DB322E7BF0C5005C3ED5;
			remoteInfo = CameraM;
		};
		E2A0DB592E7BF0C6005C3ED5 /* PBXContainerItemProxy */ = {
			isa = PBXContainerItemProxy;
			containerPortal = E2A0DB2B2E7BF0C5005C3ED5 /* Project object */;
			proxyType = 1;
			remoteGlobalIDString = E2A0DB322E7BF0C5005C3ED5;
			remoteInfo = CameraM;
		};
/* End PBXContainerItemProxy section */

/* Begin PBXFileReference section */
		E2A0DB332E7BF0C5005C3ED5 /* CameraM.app */ = {isa = PBXFileReference; explicitFileType = wrapper.application; includeInIndex = 0; path = CameraM.app; sourceTree = BUILT_PRODUCTS_DIR; };
		E2A0DB4E2E7BF0C6005C3ED5 /* CameraMTests.xctest */ = {isa = PBXFileReference; explicitFileType = wrapper.cfbundle; includeInIndex = 0; path = CameraMTests.xctest; sourceTree = BUILT_PRODUCTS_DIR; };
		E2A0DB582E7BF0C6005C3ED5 /* CameraMUITests.xctest */ = {isa = PBXFileReference; explicitFileType = wrapper.cfbundle; includeInIndex = 0; path = CameraMUITests.xctest; sourceTree = BUILT_PRODUCTS_DIR; };
/* End PBXFileReference section */

/* Begin PBXFileSystemSynchronizedBuildFileExceptionSet section */
		E2A0DB602E7BF0C6005C3ED5 /* Exceptions for "CameraM" folder in "CameraM" target */ = {
			isa = PBXFileSystemSynchronizedBuildFileExceptionSet;
			membershipExceptions = (
				Info.plist,
			);
			target = E2A0DB322E7BF0C5005C3ED5 /* CameraM */;
		};
/* End PBXFileSystemSynchronizedBuildFileExceptionSet section */

/* Begin PBXFileSystemSynchronizedRootGroup section */
		E2A0DB352E7BF0C5005C3ED5 /* CameraM */ = {
			isa = PBXFileSystemSynchronizedRootGroup;
			exceptions = (
				E2A0DB602E7BF0C6005C3ED5 /* Exceptions for "CameraM" folder in "CameraM" target */,
			);
			path = CameraM;
			sourceTree = "<group>";
		};
		E2A0DB512E7BF0C6005C3ED5 /* CameraMTests */ = {
			isa = PBXFileSystemSynchronizedRootGroup;
			path = CameraMTests;
			sourceTree = "<group>";
		};
		E2A0DB5B2E7BF0C6005C3ED5 /* CameraMUITests */ = {
			isa = PBXFileSystemSynchronizedRootGroup;
			path = CameraMUITests;
			sourceTree = "<group>";
		};
/* End PBXFileSystemSynchronizedRootGroup section */

/* Begin PBXFrameworksBuildPhase section */
		E2A0DB302E7BF0C5005C3ED5 /* Frameworks */ = {
			isa = PBXFrameworksBuildPhase;
			buildActionMask = 2147483647;
			files = (
			);
			runOnlyForDeploymentPostprocessing = 0;
		};
		E2A0DB4B2E7BF0C6005C3ED5 /* Frameworks */ = {
			isa = PBXFrameworksBuildPhase;
			buildActionMask = 2147483647;
			files = (
			);
			runOnlyForDeploymentPostprocessing = 0;
		};
		E2A0DB552E7BF0C6005C3ED5 /* Frameworks */ = {
			isa = PBXFrameworksBuildPhase;
			buildActionMask = 2147483647;
			files = (
			);
			runOnlyForDeploymentPostprocessing = 0;
		};
/* End PBXFrameworksBuildPhase section */

/* Begin PBXGroup section */
		E2A0DB2A2E7BF0C5005C3ED5 = {
			isa = PBXGroup;
			children = (
				E2A0DB352E7BF0C5005C3ED5 /* CameraM */,
				E2A0DB512E7BF0C6005C3ED5 /* CameraMTests */,
				E2A0DB5B2E7BF0C6005C3ED5 /* CameraMUITests */,
				E2A0DB342E7BF0C5005C3ED5 /* Products */,
			);
			sourceTree = "<group>";
		};
		E2A0DB342E7BF0C5005C3ED5 /* Products */ = {
			isa = PBXGroup;
			children = (
				E2A0DB332E7BF0C5005C3ED5 /* CameraM.app */,
				E2A0DB4E2E7BF0C6005C3ED5 /* CameraMTests.xctest */,
				E2A0DB582E7BF0C6005C3ED5 /* CameraMUITests.xctest */,
			);
			name = Products;
			sourceTree = "<group>";
		};
/* End PBXGroup section */

/* Begin PBXNativeTarget section */
		E2A0DB322E7BF0C5005C3ED5 /* CameraM */ = {
			isa = PBXNativeTarget;
			buildConfigurationList = E2A0DB612E7BF0C6005C3ED5 /* Build configuration list for PBXNativeTarget "CameraM" */;
			buildPhases = (
				E2A0DB2F2E7BF0C5005C3ED5 /* Sources */,
				E2A0DB302E7BF0C5005C3ED5 /* Frameworks */,
				E2A0DB312E7BF0C5005C3ED5 /* Resources */,
			);
			buildRules = (
			);
			dependencies = (
			);
			fileSystemSynchronizedGroups = (
				E2A0DB352E7BF0C5005C3ED5 /* CameraM */,
			);
			name = CameraM;
			packageProductDependencies = (
			);
			productName = CameraM;
			productReference = E2A0DB332E7BF0C5005C3ED5 /* CameraM.app */;
			productType = "com.apple.product-type.application";
		};
		E2A0DB4D2E7BF0C6005C3ED5 /* CameraMTests */ = {
			isa = PBXNativeTarget;
			buildConfigurationList = E2A0DB662E7BF0C6005C3ED5 /* Build configuration list for PBXNativeTarget "CameraMTests" */;
			buildPhases = (
				E2A0DB4A2E7BF0C6005C3ED5 /* Sources */,
				E2A0DB4B2E7BF0C6005C3ED5 /* Frameworks */,
				E2A0DB4C2E7BF0C6005C3ED5 /* Resources */,
			);
			buildRules = (
			);
			dependencies = (
				E2A0DB502E7BF0C6005C3ED5 /* PBXTargetDependency */,
			);
			fileSystemSynchronizedGroups = (
				E2A0DB512E7BF0C6005C3ED5 /* CameraMTests */,
			);
			name = CameraMTests;
			packageProductDependencies = (
			);
			productName = CameraMTests;
			productReference = E2A0DB4E2E7BF0C6005C3ED5 /* CameraMTests.xctest */;
			productType = "com.apple.product-type.bundle.unit-test";
		};
		E2A0DB572E7BF0C6005C3ED5 /* CameraMUITests */ = {
			isa = PBXNativeTarget;
			buildConfigurationList = E2A0DB692E7BF0C6005C3ED5 /* Build configuration list for PBXNativeTarget "CameraMUITests" */;
			buildPhases = (
				E2A0DB542E7BF0C6005C3ED5 /* Sources */,
				E2A0DB552E7BF0C6005C3ED5 /* Frameworks */,
				E2A0DB562E7BF0C6005C3ED5 /* Resources */,
			);
			buildRules = (
			);
			dependencies = (
				E2A0DB5A2E7BF0C6005C3ED5 /* PBXTargetDependency */,
			);
			fileSystemSynchronizedGroups = (
				E2A0DB5B2E7BF0C6005C3ED5 /* CameraMUITests */,
			);
			name = CameraMUITests;
			packageProductDependencies = (
			);
			productName = CameraMUITests;
			productReference = E2A0DB582E7BF0C6005C3ED5 /* CameraMUITests.xctest */;
			productType = "com.apple.product-type.bundle.ui-testing";
		};
/* End PBXNativeTarget section */

/* Begin PBXProject section */
		E2A0DB2B2E7BF0C5005C3ED5 /* Project object */ = {
			isa = PBXProject;
			attributes = {
				BuildIndependentTargetsInParallel = 1;
				LastUpgradeCheck = 1620;
				TargetAttributes = {
					E2A0DB322E7BF0C5005C3ED5 = {
						CreatedOnToolsVersion = 16.2;
					};
					E2A0DB4D2E7BF0C6005C3ED5 = {
						CreatedOnToolsVersion = 16.2;
						TestTargetID = E2A0DB322E7BF0C5005C3ED5;
					};
					E2A0DB572E7BF0C6005C3ED5 = {
						CreatedOnToolsVersion = 16.2;
						TestTargetID = E2A0DB322E7BF0C5005C3ED5;
					};
				};
			};
			buildConfigurationList = E2A0DB2E2E7BF0C5005C3ED5 /* Build configuration list for PBXProject "CameraM" */;
			developmentRegion = en;
			hasScannedForEncodings = 0;
			knownRegions = (
				en,
				Base,
			);
			mainGroup = E2A0DB2A2E7BF0C5005C3ED5;
			minimizedProjectReferenceProxies = 1;
			preferredProjectObjectVersion = 77;
			productRefGroup = E2A0DB342E7BF0C5005C3ED5 /* Products */;
			projectDirPath = "";
			projectRoot = "";
			targets = (
				E2A0DB322E7BF0C5005C3ED5 /* CameraM */,
				E2A0DB4D2E7BF0C6005C3ED5 /* CameraMTests */,
				E2A0DB572E7BF0C6005C3ED5 /* CameraMUITests */,
			);
		};
/* End PBXProject section */

/* Begin PBXResourcesBuildPhase section */
		E2A0DB312E7BF0C5005C3ED5 /* Resources */ = {
			isa = PBXResourcesBuildPhase;
			buildActionMask = 2147483647;
			files = (
			);
			runOnlyForDeploymentPostprocessing = 0;
		};
		E2A0DB4C2E7BF0C6005C3ED5 /* Resources */ = {
			isa = PBXResourcesBuildPhase;
			buildActionMask = 2147483647;
			files = (
			);
			runOnlyForDeploymentPostprocessing = 0;
		};
		E2A0DB562E7BF0C6005C3ED5 /* Resources */ = {
			isa = PBXResourcesBuildPhase;
			buildActionMask = 2147483647;
			files = (
			);
			runOnlyForDeploymentPostprocessing = 0;
		};
/* End PBXResourcesBuildPhase section */

/* Begin PBXSourcesBuildPhase section */
		E2A0DB2F2E7BF0C5005C3ED5 /* Sources */ = {
			isa = PBXSourcesBuildPhase;
			buildActionMask = 2147483647;
			files = (
			);
			runOnlyForDeploymentPostprocessing = 0;
		};
		E2A0DB4A2E7BF0C6005C3ED5 /* Sources */ = {
			isa = PBXSourcesBuildPhase;
			buildActionMask = 2147483647;
			files = (
			);
			runOnlyForDeploymentPostprocessing = 0;
		};
		E2A0DB542E7BF0C6005C3ED5 /* Sources */ = {
			isa = PBXSourcesBuildPhase;
			buildActionMask = 2147483647;
			files = (
			);
			runOnlyForDeploymentPostprocessing = 0;
		};
/* End PBXSourcesBuildPhase section */

/* Begin PBXTargetDependency section */
		E2A0DB502E7BF0C6005C3ED5 /* PBXTargetDependency */ = {
			isa = PBXTargetDependency;
			target = E2A0DB322E7BF0C5005C3ED5 /* CameraM */;
			targetProxy = E2A0DB4F2E7BF0C6005C3ED5 /* PBXContainerItemProxy */;
		};
		E2A0DB5A2E7BF0C6005C3ED5 /* PBXTargetDependency */ = {
			isa = PBXTargetDependency;
			target = E2A0DB322E7BF0C5005C3ED5 /* CameraM */;
			targetProxy = E2A0DB592E7BF0C6005C3ED5 /* PBXContainerItemProxy */;
		};
/* End PBXTargetDependency section */

/* Begin XCBuildConfiguration section */
		E2A0DB622E7BF0C6005C3ED5 /* Debug */ = {
			isa = XCBuildConfiguration;
			buildSettings = {
				ASSETCATALOG_COMPILER_APPICON_NAME = AppIcon;
				ASSETCATALOG_COMPILER_GLOBAL_ACCENT_COLOR_NAME = AccentColor;
				CODE_SIGN_STYLE = Automatic;
				CURRENT_PROJECT_VERSION = 1;
				DEVELOPMENT_TEAM = KH95CRPG5Y;
				GENERATE_INFOPLIST_FILE = YES;
				INFOPLIST_FILE = CameraM/Info.plist;
				INFOPLIST_KEY_UIApplicationSupportsIndirectInputEvents = YES;
				INFOPLIST_KEY_UILaunchStoryboardName = LaunchScreen;
				INFOPLIST_KEY_UIMainStoryboardFile = Main;
				INFOPLIST_KEY_UISupportedInterfaceOrientations_iPad = "UIInterfaceOrientationPortrait UIInterfaceOrientationPortraitUpsideDown UIInterfaceOrientationLandscapeLeft UIInterfaceOrientationLandscapeRight";
				INFOPLIST_KEY_UISupportedInterfaceOrientations_iPhone = "UIInterfaceOrientationPortrait UIInterfaceOrientationLandscapeLeft UIInterfaceOrientationLandscapeRight";
				LD_RUNPATH_SEARCH_PATHS = (
					"$(inherited)",
					"@executable_path/Frameworks",
				);
				MARKETING_VERSION = 1.0;
				PRODUCT_BUNDLE_IDENTIFIER = com.mccamera.demo.CameraM;
				PRODUCT_NAME = "$(TARGET_NAME)";
				SWIFT_EMIT_LOC_STRINGS = YES;
				TARGETED_DEVICE_FAMILY = "1,2";
			};
			name = Debug;
		};
		E2A0DB632E7BF0C6005C3ED5 /* Release */ = {
			isa = XCBuildConfiguration;
			buildSettings = {
				ASSETCATALOG_COMPILER_APPICON_NAME = AppIcon;
				ASSETCATALOG_COMPILER_GLOBAL_ACCENT_COLOR_NAME = AccentColor;
				CODE_SIGN_STYLE = Automatic;
				CURRENT_PROJECT_VERSION = 1;
				DEVELOPMENT_TEAM = KH95CRPG5Y;
				GENERATE_INFOPLIST_FILE = YES;
				INFOPLIST_FILE = CameraM/Info.plist;
				INFOPLIST_KEY_UIApplicationSupportsIndirectInputEvents = YES;
				INFOPLIST_KEY_UILaunchStoryboardName = LaunchScreen;
				INFOPLIST_KEY_UIMainStoryboardFile = Main;
				INFOPLIST_KEY_UISupportedInterfaceOrientations_iPad = "UIInterfaceOrientationPortrait UIInterfaceOrientationPortraitUpsideDown UIInterfaceOrientationLandscapeLeft UIInterfaceOrientationLandscapeRight";
				INFOPLIST_KEY_UISupportedInterfaceOrientations_iPhone = "UIInterfaceOrientationPortrait UIInterfaceOrientationLandscapeLeft UIInterfaceOrientationLandscapeRight";
				LD_RUNPATH_SEARCH_PATHS = (
					"$(inherited)",
					"@executable_path/Frameworks",
				);
				MARKETING_VERSION = 1.0;
				PRODUCT_BUNDLE_IDENTIFIER = com.mccamera.demo.CameraM;
				PRODUCT_NAME = "$(TARGET_NAME)";
				SWIFT_EMIT_LOC_STRINGS = YES;
				TARGETED_DEVICE_FAMILY = "1,2";
			};
			name = Release;
		};
		E2A0DB642E7BF0C6005C3ED5 /* Debug */ = {
			isa = XCBuildConfiguration;
			buildSettings = {
				ALWAYS_SEARCH_USER_PATHS = NO;
				ASSETCATALOG_COMPILER_GENERATE_SWIFT_ASSET_SYMBOL_EXTENSIONS = YES;
				CLANG_ANALYZER_NONNULL = YES;
				CLANG_ANALYZER_NUMBER_OBJECT_CONVERSION = YES_AGGRESSIVE;
				CLANG_CXX_LANGUAGE_STANDARD = "gnu++20";
				CLANG_ENABLE_MODULES = YES;
				CLANG_ENABLE_OBJC_ARC = YES;
				CLANG_ENABLE_OBJC_WEAK = YES;
				CLANG_WARN_BLOCK_CAPTURE_AUTORELEASING = YES;
				CLANG_WARN_BOOL_CONVERSION = YES;
				CLANG_WARN_COMMA = YES;
				CLANG_WARN_CONSTANT_CONVERSION = YES;
				CLANG_WARN_DEPRECATED_OBJC_IMPLEMENTATIONS = YES;
				CLANG_WARN_DIRECT_OBJC_ISA_USAGE = YES_ERROR;
				CLANG_WARN_DOCUMENTATION_COMMENTS = YES;
				CLANG_WARN_EMPTY_BODY = YES;
				CLANG_WARN_ENUM_CONVERSION = YES;
				CLANG_WARN_INFINITE_RECURSION = YES;
				CLANG_WARN_INT_CONVERSION = YES;
				CLANG_WARN_NON_LITERAL_NULL_CONVERSION = YES;
				CLANG_WARN_OBJC_IMPLICIT_RETAIN_SELF = YES;
				CLANG_WARN_OBJC_LITERAL_CONVERSION = YES;
				CLANG_WARN_OBJC_ROOT_CLASS = YES_ERROR;
				CLANG_WARN_QUOTED_INCLUDE_IN_FRAMEWORK_HEADER = YES;
				CLANG_WARN_RANGE_LOOP_ANALYSIS = YES;
				CLANG_WARN_STRICT_PROTOTYPES = YES;
				CLANG_WARN_SUSPICIOUS_MOVE = YES;
				CLANG_WARN_UNGUARDED_AVAILABILITY = YES_AGGRESSIVE;
				CLANG_WARN_UNREACHABLE_CODE = YES;
				CLANG_WARN__DUPLICATE_METHOD_MATCH = YES;
				COPY_PHASE_STRIP = NO;
				DEBUG_INFORMATION_FORMAT = dwarf;
				ENABLE_STRICT_OBJC_MSGSEND = YES;
				ENABLE_TESTABILITY = YES;
				ENABLE_USER_SCRIPT_SANDBOXING = YES;
				GCC_C_LANGUAGE_STANDARD = gnu17;
				GCC_DYNAMIC_NO_PIC = NO;
				GCC_NO_COMMON_BLOCKS = YES;
				GCC_OPTIMIZATION_LEVEL = 0;
				GCC_PREPROCESSOR_DEFINITIONS = (
					"DEBUG=1",
					"$(inherited)",
				);
				GCC_WARN_64_TO_32_BIT_CONVERSION = YES;
				GCC_WARN_ABOUT_RETURN_TYPE = YES_ERROR;
				GCC_WARN_UNDECLARED_SELECTOR = YES;
				GCC_WARN_UNINITIALIZED_AUTOS = YES_AGGRESSIVE;
				GCC_WARN_UNUSED_FUNCTION = YES;
				GCC_WARN_UNUSED_VARIABLE = YES;
				IPHONEOS_DEPLOYMENT_TARGET = 18.2;
				LOCALIZATION_PREFERS_STRING_CATALOGS = YES;
				MTL_ENABLE_DEBUG_INFO = INCLUDE_SOURCE;
				MTL_FAST_MATH = YES;
				ONLY_ACTIVE_ARCH = YES;
				SDKROOT = iphoneos;
			};
			name = Debug;
		};
		E2A0DB652E7BF0C6005C3ED5 /* Release */ = {
			isa = XCBuildConfiguration;
			buildSettings = {
				ALWAYS_SEARCH_USER_PATHS = NO;
				ASSETCATALOG_COMPILER_GENERATE_SWIFT_ASSET_SYMBOL_EXTENSIONS = YES;
				CLANG_ANALYZER_NONNULL = YES;
				CLANG_ANALYZER_NUMBER_OBJECT_CONVERSION = YES_AGGRESSIVE;
				CLANG_CXX_LANGUAGE_STANDARD = "gnu++20";
				CLANG_ENABLE_MODULES = YES;
				CLANG_ENABLE_OBJC_ARC = YES;
				CLANG_ENABLE_OBJC_WEAK = YES;
				CLANG_WARN_BLOCK_CAPTURE_AUTORELEASING = YES;
				CLANG_WARN_BOOL_CONVERSION = YES;
				CLANG_WARN_COMMA = YES;
				CLANG_WARN_CONSTANT_CONVERSION = YES;
				CLANG_WARN_DEPRECATED_OBJC_IMPLEMENTATIONS = YES;
				CLANG_WARN_DIRECT_OBJC_ISA_USAGE = YES_ERROR;
				CLANG_WARN_DOCUMENTATION_COMMENTS = YES;
				CLANG_WARN_EMPTY_BODY = YES;
				CLANG_WARN_ENUM_CONVERSION = YES;
				CLANG_WARN_INFINITE_RECURSION = YES;
				CLANG_WARN_INT_CONVERSION = YES;
				CLANG_WARN_NON_LITERAL_NULL_CONVERSION = YES;
				CLANG_WARN_OBJC_IMPLICIT_RETAIN_SELF = YES;
				CLANG_WARN_OBJC_LITERAL_CONVERSION = YES;
				CLANG_WARN_OBJC_ROOT_CLASS = YES_ERROR;
				CLANG_WARN_QUOTED_INCLUDE_IN_FRAMEWORK_HEADER = YES;
				CLANG_WARN_RANGE_LOOP_ANALYSIS = YES;
				CLANG_WARN_STRICT_PROTOTYPES = YES;
				CLANG_WARN_SUSPICIOUS_MOVE = YES;
				CLANG_WARN_UNGUARDED_AVAILABILITY = YES_AGGRESSIVE;
				CLANG_WARN_UNREACHABLE_CODE = YES;
				CLANG_WARN__DUPLICATE_METHOD_MATCH = YES;
				COPY_PHASE_STRIP = NO;
				DEBUG_INFORMATION_FORMAT = "dwarf-with-dsym";
				ENABLE_NS_ASSERTIONS = NO;
				ENABLE_STRICT_OBJC_MSGSEND = YES;
				ENABLE_USER_SCRIPT_SANDBOXING = YES;
				GCC_C_LANGUAGE_STANDARD = gnu17;
				GCC_NO_COMMON_BLOCKS = YES;
				GCC_WARN_64_TO_32_BIT_CONVERSION = YES;
				GCC_WARN_ABOUT_RETURN_TYPE = YES_ERROR;
				GCC_WARN_UNDECLARED_SELECTOR = YES;
				GCC_WARN_UNINITIALIZED_AUTOS = YES_AGGRESSIVE;
				GCC_WARN_UNUSED_FUNCTION = YES;
				GCC_WARN_UNUSED_VARIABLE = YES;
				IPHONEOS_DEPLOYMENT_TARGET = 18.2;
				LOCALIZATION_PREFERS_STRING_CATALOGS = YES;
				MTL_ENABLE_DEBUG_INFO = NO;
				MTL_FAST_MATH = YES;
				SDKROOT = iphoneos;
				VALIDATE_PRODUCT = YES;
			};
			name = Release;
		};
		E2A0DB672E7BF0C6005C3ED5 /* Debug */ = {
			isa = XCBuildConfiguration;
			buildSettings = {
				BUNDLE_LOADER = "$(TEST_HOST)";
				CODE_SIGN_STYLE = Automatic;
				CURRENT_PROJECT_VERSION = 1;
				DEVELOPMENT_TEAM = KH95CRPG5Y;
				GENERATE_INFOPLIST_FILE = YES;
				IPHONEOS_DEPLOYMENT_TARGET = 18.2;
				MARKETING_VERSION = 1.0;
				PRODUCT_BUNDLE_IDENTIFIER = com.mccamera.demo.CameraMTests;
				PRODUCT_NAME = "$(TARGET_NAME)";
				SWIFT_EMIT_LOC_STRINGS = NO;
				TARGETED_DEVICE_FAMILY = "1,2";
				TEST_HOST = "$(BUILT_PRODUCTS_DIR)/CameraM.app/$(BUNDLE_EXECUTABLE_FOLDER_PATH)/CameraM";
			};
			name = Debug;
		};
		E2A0DB682E7BF0C6005C3ED5 /* Release */ = {
			isa = XCBuildConfiguration;
			buildSettings = {
				BUNDLE_LOADER = "$(TEST_HOST)";
				CODE_SIGN_STYLE = Automatic;
				CURRENT_PROJECT_VERSION = 1;
				DEVELOPMENT_TEAM = KH95CRPG5Y;
				GENERATE_INFOPLIST_FILE = YES;
				IPHONEOS_DEPLOYMENT_TARGET = 18.2;
				MARKETING_VERSION = 1.0;
				PRODUCT_BUNDLE_IDENTIFIER = com.mccamera.demo.CameraMTests;
				PRODUCT_NAME = "$(TARGET_NAME)";
				SWIFT_EMIT_LOC_STRINGS = NO;
				TARGETED_DEVICE_FAMILY = "1,2";
				TEST_HOST = "$(BUILT_PRODUCTS_DIR)/CameraM.app/$(BUNDLE_EXECUTABLE_FOLDER_PATH)/CameraM";
			};
			name = Release;
		};
		E2A0DB6A2E7BF0C6005C3ED5 /* Debug */ = {
			isa = XCBuildConfiguration;
			buildSettings = {
				CODE_SIGN_STYLE = Automatic;
				CURRENT_PROJECT_VERSION = 1;
				DEVELOPMENT_TEAM = KH95CRPG5Y;
				GENERATE_INFOPLIST_FILE = YES;
				MARKETING_VERSION = 1.0;
				PRODUCT_BUNDLE_IDENTIFIER = com.mccamera.demo.CameraMUITests;
				PRODUCT_NAME = "$(TARGET_NAME)";
				SWIFT_EMIT_LOC_STRINGS = NO;
				TARGETED_DEVICE_FAMILY = "1,2";
				TEST_TARGET_NAME = CameraM;
			};
			name = Debug;
		};
		E2A0DB6B2E7BF0C6005C3ED5 /* Release */ = {
			isa = XCBuildConfiguration;
			buildSettings = {
				CODE_SIGN_STYLE = Automatic;
				CURRENT_PROJECT_VERSION = 1;
				DEVELOPMENT_TEAM = KH95CRPG5Y;
				GENERATE_INFOPLIST_FILE = YES;
				MARKETING_VERSION = 1.0;
				PRODUCT_BUNDLE_IDENTIFIER = com.mccamera.demo.CameraMUITests;
				PRODUCT_NAME = "$(TARGET_NAME)";
				SWIFT_EMIT_LOC_STRINGS = NO;
				TARGETED_DEVICE_FAMILY = "1,2";
				TEST_TARGET_NAME = CameraM;
			};
			name = Release;
		};
/* End XCBuildConfiguration section */

/* Begin XCConfigurationList section */
		E2A0DB2E2E7BF0C5005C3ED5 /* Build configuration list for PBXProject "CameraM" */ = {
			isa = XCConfigurationList;
			buildConfigurations = (
				E2A0DB642E7BF0C6005C3ED5 /* Debug */,
				E2A0DB652E7BF0C6005C3ED5 /* Release */,
			);
			defaultConfigurationIsVisible = 0;
			defaultConfigurationName = Release;
		};
		E2A0DB612E7BF0C6005C3ED5 /* Build configuration list for PBXNativeTarget "CameraM" */ = {
			isa = XCConfigurationList;
			buildConfigurations = (
				E2A0DB622E7BF0C6005C3ED5 /* Debug */,
				E2A0DB632E7BF0C6005C3ED5 /* Release */,
			);
			defaultConfigurationIsVisible = 0;
			defaultConfigurationName = Release;
		};
		E2A0DB662E7BF0C6005C3ED5 /* Build configuration list for PBXNativeTarget "CameraMTests" */ = {
			isa = XCConfigurationList;
			buildConfigurations = (
				E2A0DB672E7BF0C6005C3ED5 /* Debug */,
				E2A0DB682E7BF0C6005C3ED5 /* Release */,
			);
			defaultConfigurationIsVisible = 0;
			defaultConfigurationName = Release;
		};
		E2A0DB692E7BF0C6005C3ED5 /* Build configuration list for PBXNativeTarget "CameraMUITests" */ = {
			isa = XCConfigurationList;
			buildConfigurations = (
				E2A0DB6A2E7BF0C6005C3ED5 /* Debug */,
				E2A0DB6B2E7BF0C6005C3ED5 /* Release */,
			);
			defaultConfigurationIsVisible = 0;
			defaultConfigurationName = Release;
		};
/* End XCConfigurationList section */
	};
	rootObject = E2A0DB2B2E7BF0C5005C3ED5 /* Project object */;
}
